
Microsoft Visual Studio Solution File, Format Version 12.00
# Visual Studio 15
VisualStudioVersion = 15.0.27004.2008
MinimumVisualStudioVersion = 10.0.40219.1
Project("{FAE04EC0-301F-11D3-BF4B-00C04F79EFBC}") = "VFSUnitTest", "VFSUnitTest\VFSUnitTest.csproj", "{016F2EAC-2993-4663-9E6F-DC215F94D2A0}"
	ProjectSection(ProjectDependencies) = postProject
		{DCD6FD5A-3982-4BD0-9B18-752D67B99F84} = {DCD6FD5A-3982-4BD0-9B18-752D67B99F84}
	EndProjectSection
EndProject
Project("{FAE04EC0-301F-11D3-BF4B-00C04F79EFBC}") = "VFS", "VFS\VFS.csproj", "{DCD6FD5A-3982-4BD0-9B18-752D67B99F84}"
EndProject
Project("{2150E333-8FDC-42A3-9474-1A3956D46DE8}") = "Solution Items", "Solution Items", "{F8CBE925-A8FF-4E7F-80A7-B8CE94825433}"
	ProjectSection(SolutionItems) = preProject
		README.md = README.md
	EndProjectSection
EndProject
Global
	GlobalSection(SolutionConfigurationPlatforms) = preSolution
		Debug|Any CPU = Debug|Any CPU
		Release|Any CPU = Release|Any CPU
	EndGlobalSection
	GlobalSection(ProjectConfigurationPlatforms) = postSolution
		{016F2EAC-2993-4663-9E6F-DC215F94D2A0}.Debug|Any CPU.ActiveCfg = Debug|Any CPU
		{016F2EAC-2993-4663-9E6F-DC215F94D2A0}.Debug|Any CPU.Build.0 = Debug|Any CPU
		{016F2EAC-2993-4663-9E6F-DC215F94D2A0}.Release|Any CPU.ActiveCfg = Release|Any CPU
		{016F2EAC-2993-4663-9E6F-DC215F94D2A0}.Release|Any CPU.Build.0 = Release|Any CPU
		{DCD6FD5A-3982-4BD0-9B18-752D67B99F84}.Debug|Any CPU.ActiveCfg = Debug|Any CPU
		{DCD6FD5A-3982-4BD0-9B18-752D67B99F84}.Debug|Any CPU.Build.0 = Debug|Any CPU
		{DCD6FD5A-3982-4BD0-9B18-752D67B99F84}.Release|Any CPU.ActiveCfg = Release|Any CPU
		{DCD6FD5A-3982-4BD0-9B18-752D67B99F84}.Release|Any CPU.Build.0 = Release|Any CPU
	EndGlobalSection
	GlobalSection(SolutionProperties) = preSolution
		HideSolutionNode = FALSE
	EndGlobalSection
	GlobalSection(ExtensibilityGlobals) = postSolution
		SolutionGuid = {C9D2E712-F229-4A92-BD4F-615E735E87C9}
	EndGlobalSection
EndGlobal
